PODS:
  - AWSCore (2.27.11)
  - AWSTranscribeStreaming (2.27.11):
    - AWSCore (= 2.27.11)
  - Keys (1.0.1)
  - SwiftLint (0.47.1)
  - TranscriptionKit (0.1.0):
    - AWSTranscribeStreaming (~> 2.27.1)

DEPENDENCIES:
  - Keys (from `Pods/CocoaPodsKeys`)
  - SwiftLint
  - TranscriptionKit (from `../`)

SPEC REPOS:
  trunk:
    - AWSCore
    - AWSTranscribeStreaming
    - SwiftLint

EXTERNAL SOURCES:
  Keys:
    :path: Pods/CocoaPodsKeys
  TranscriptionKit:
    :path: "../"

SPEC CHECKSUMS:
  AWSCore: 5519a0697f1d2aa2656eed56e6f7fb06d5ef1284
  AWSTranscribeStreaming: 30ceaa67d27a9518a127801ccd7347a45b35de2b
  Keys: a576f4c9c1c641ca913a959a9c62ed3f215a8de9
  SwiftLint: f80f1be7fa96d30e0aa68e58d45d4ea1ccaac519
  TranscriptionKit: 0db92bf7acc8b76963fe5f76f086bb70fad1c83b

PODFILE CHECKSUM: ac71f5a9833663df7aa02f730b3adced9fdc6299

COCOAPODS: 1.11.3
